
Microsoft Visual Studio Solution File, Format Version 12.00
# Visual Studio Version 17
VisualStudioVersion = 17.13.35825.156 d17.13
MinimumVisualStudioVersion = 10.0.40219.1
Project("{FAE04EC0-301F-11D3-BF4B-00C04F79EFBC}") = "StudentMgmtEntity", "StudentMgmtEntity\StudentMgmtEntity.csproj", "{C3D453AA-C76F-4F46-ABF3-1A8129EF798A}"
EndProject
Global
	GlobalSection(SolutionConfigurationPlatforms) = preSolution
		Debug|Any CPU = Debug|Any CPU
		Release|Any CPU = Release|Any CPU
	EndGlobalSection
	GlobalSection(ProjectConfigurationPlatforms) = postSolution
		{C3D453AA-C76F-4F46-ABF3-1A8129EF798A}.Debug|Any CPU.ActiveCfg = Debug|Any CPU
		{C3D453AA-C76F-4F46-ABF3-1A8129EF798A}.Debug|Any CPU.Build.0 = Debug|Any CPU
		{C3D453AA-C76F-4F46-ABF3-1A8129EF798A}.Release|Any CPU.ActiveCfg = Release|Any CPU
		{C3D453AA-C76F-4F46-ABF3-1A8129EF798A}.Release|Any CPU.Build.0 = Release|Any CPU
	EndGlobalSection
	GlobalSection(SolutionProperties) = preSolution
		HideSolutionNode = FALSE
	EndGlobalSection
	GlobalSection(ExtensibilityGlobals) = postSolution
		SolutionGuid = {54B75F2B-612F-405A-990B-7BBC31820167}
	EndGlobalSection
EndGlobal
